
Microsoft Visual Studio Solution File, Format Version 12.00
# Visual Studio Version 16
VisualStudioVersion = 16.0.29102.190
MinimumVisualStudioVersion = 10.0.40219.1
Project("{FAE04EC0-301F-11D3-BF4B-00C04F79EFBC}") = "QTraderNet.Web", "QTraderNet.Web\QTraderNet.Web.csproj", "{545D95CB-E42C-45E2-B19B-DD892704BC04}"
EndProject
Global
	GlobalSection(SolutionConfigurationPlatforms) = preSolution
		Debug|Any CPU = Debug|Any CPU
		Release|Any CPU = Release|Any CPU
	EndGlobalSection
	GlobalSection(ProjectConfigurationPlatforms) = postSolution
		{545D95CB-E42C-45E2-B19B-DD892704BC04}.Debug|Any CPU.ActiveCfg = Debug|Any CPU
		{545D95CB-E42C-45E2-B19B-DD892704BC04}.Debug|Any CPU.Build.0 = Debug|Any CPU
		{545D95CB-E42C-45E2-B19B-DD892704BC04}.Release|Any CPU.ActiveCfg = Release|Any CPU
		{545D95CB-E42C-45E2-B19B-DD892704BC04}.Release|Any CPU.Build.0 = Release|Any CPU
	EndGlobalSection
	GlobalSection(SolutionProperties) = preSolution
		HideSolutionNode = FALSE
	EndGlobalSection
	GlobalSection(ExtensibilityGlobals) = postSolution
		SolutionGuid = {4C07E813-474C-48A8-8AE9-74D13E2D8184}
	EndGlobalSection
EndGlobal
